
Microsoft Visual Studio Solution File, Format Version 12.00
# Visual Studio Version 17
VisualStudioVersion = 17.2.32630.192
MinimumVisualStudioVersion = 10.0.40219.1
Project("{FAE04EC0-301F-11D3-BF4B-00C04F79EFBC}") = "SQLHomework4", "SQLHomework4\SQLHomework4.csproj", "{57175A93-6473-44E6-9113-BADFC36FAE08}"
EndProject
Global
	GlobalSection(SolutionConfigurationPlatforms) = preSolution
		Debug|Any CPU = Debug|Any CPU
		Release|Any CPU = Release|Any CPU
	EndGlobalSection
	GlobalSection(ProjectConfigurationPlatforms) = postSolution
		{57175A93-6473-44E6-9113-BADFC36FAE08}.Debug|Any CPU.ActiveCfg = Debug|Any CPU
		{57175A93-6473-44E6-9113-BADFC36FAE08}.Debug|Any CPU.Build.0 = Debug|Any CPU
		{57175A93-6473-44E6-9113-BADFC36FAE08}.Release|Any CPU.ActiveCfg = Release|Any CPU
		{57175A93-6473-44E6-9113-BADFC36FAE08}.Release|Any CPU.Build.0 = Release|Any CPU
	EndGlobalSection
	GlobalSection(SolutionProperties) = preSolution
		HideSolutionNode = FALSE
	EndGlobalSection
	GlobalSection(ExtensibilityGlobals) = postSolution
		SolutionGuid = {ACFC7A5D-22EF-4899-9D22-91433ABE43EB}
	EndGlobalSection
EndGlobal
